# This file is automatically @generated by Cargo.
# It is not intended for manual editing.
version = 4

[[package]]
name = "stage1"
version = "0.1.0"

[[package]]
name = "stage10"
version = "0.1.0"

[[package]]
name = "stage2"
version = "0.1.0"

[[package]]
name = "stage3"
version = "0.1.0"

[[package]]
name = "stage6"
version = "0.1.0"

[[package]]
name = "stage7"
version = "0.1.0"

[[package]]
name = "stage8"
version = "0.1.0"

[[package]]
name = "stage9"
version = "0.1.0"
